
Microsoft Visual Studio Solution File, Format Version 12.00
# Visual Studio 15
VisualStudioVersion = 15.0.27130.2003
MinimumVisualStudioVersion = 10.0.40219.1
Project("{9A19103F-16F7-4668-BE54-9A1E7A4F7556}") = "dotnet-code-challenge", "dotnet-code-challenge\dotnet-code-challenge.csproj", "{2EACCC55-BE34-4771-970A-73373D30714A}"
EndProject
Project("{9A19103F-16F7-4668-BE54-9A1E7A4F7556}") = "dotnet-code-challenge.Test", "dotnet-code-challenge.Test\dotnet-code-challenge.Test.csproj", "{DAC1F19D-DD23-4012-A032-8A95ADDDA5A0}"
EndProject
Project("{FAE04EC0-301F-11D3-BF4B-00C04F79EFBC}") = "BetEasy.Caulfield", "BetEasy.Caulfield\BetEasy.Caulfield.csproj", "{2C45639E-B7DD-4BB3-8C2E-20A3EF4257B1}"
EndProject
Project("{FAE04EC0-301F-11D3-BF4B-00C04F79EFBC}") = "BetEasy.Wolverhampton", "BetEasy.Wolverhampton\BetEasy.Wolverhampton.csproj", "{A476F8E3-2D96-46FD-9E7E-8D147F52B4D7}"
EndProject
Project("{FAE04EC0-301F-11D3-BF4B-00C04F79EFBC}") = "BetEasy.Core", "BetEasy.Core\BetEasy.Core.csproj", "{491FD920-9F4D-4BB1-8C76-36EBF4664C96}"
EndProject
Global
	GlobalSection(SolutionConfigurationPlatforms) = preSolution
		Debug|Any CPU = Debug|Any CPU
		Release|Any CPU = Release|Any CPU
	EndGlobalSection
	GlobalSection(ProjectConfigurationPlatforms) = postSolution
		{2EACCC55-BE34-4771-970A-73373D30714A}.Debug|Any CPU.ActiveCfg = Debug|Any CPU
		{2EACCC55-BE34-4771-970A-73373D30714A}.Debug|Any CPU.Build.0 = Debug|Any CPU
		{2EACCC55-BE34-4771-970A-73373D30714A}.Release|Any CPU.ActiveCfg = Release|Any CPU
		{2EACCC55-BE34-4771-970A-73373D30714A}.Release|Any CPU.Build.0 = Release|Any CPU
		{DAC1F19D-DD23-4012-A032-8A95ADDDA5A0}.Debug|Any CPU.ActiveCfg = Debug|Any CPU
		{DAC1F19D-DD23-4012-A032-8A95ADDDA5A0}.Debug|Any CPU.Build.0 = Debug|Any CPU
		{DAC1F19D-DD23-4012-A032-8A95ADDDA5A0}.Release|Any CPU.ActiveCfg = Release|Any CPU
		{DAC1F19D-DD23-4012-A032-8A95ADDDA5A0}.Release|Any CPU.Build.0 = Release|Any CPU
		{2C45639E-B7DD-4BB3-8C2E-20A3EF4257B1}.Debug|Any CPU.ActiveCfg = Debug|Any CPU
		{2C45639E-B7DD-4BB3-8C2E-20A3EF4257B1}.Debug|Any CPU.Build.0 = Debug|Any CPU
		{2C45639E-B7DD-4BB3-8C2E-20A3EF4257B1}.Release|Any CPU.ActiveCfg = Release|Any CPU
		{2C45639E-B7DD-4BB3-8C2E-20A3EF4257B1}.Release|Any CPU.Build.0 = Release|Any CPU
		{A476F8E3-2D96-46FD-9E7E-8D147F52B4D7}.Debug|Any CPU.ActiveCfg = Debug|Any CPU
		{A476F8E3-2D96-46FD-9E7E-8D147F52B4D7}.Debug|Any CPU.Build.0 = Debug|Any CPU
		{A476F8E3-2D96-46FD-9E7E-8D147F52B4D7}.Release|Any CPU.ActiveCfg = Release|Any CPU
		{A476F8E3-2D96-46FD-9E7E-8D147F52B4D7}.Release|Any CPU.Build.0 = Release|Any CPU
		{491FD920-9F4D-4BB1-8C76-36EBF4664C96}.Debug|Any CPU.ActiveCfg = Debug|Any CPU
		{491FD920-9F4D-4BB1-8C76-36EBF4664C96}.Debug|Any CPU.Build.0 = Debug|Any CPU
		{491FD920-9F4D-4BB1-8C76-36EBF4664C96}.Release|Any CPU.ActiveCfg = Release|Any CPU
		{491FD920-9F4D-4BB1-8C76-36EBF4664C96}.Release|Any CPU.Build.0 = Release|Any CPU
	EndGlobalSection
	GlobalSection(SolutionProperties) = preSolution
		HideSolutionNode = FALSE
	EndGlobalSection
	GlobalSection(ExtensibilityGlobals) = postSolution
		SolutionGuid = {19C4982B-6893-4DB5-9B99-690340DF13FD}
	EndGlobalSection
EndGlobal
